// !$*UTF8*$!
{
	archiveVersion = 1;
	classes = {
	};
	objectVersion = 56;
	objects = {

/* Begin PBXBuildFile section */
		18B8B24029D4AE8600EEA541 /* AppDelegate.swift in Sources */ = {isa = PBXBuildFile; fileRef = 18B8B23F29D4AE8600EEA541 /* AppDelegate.swift */; };
		18B8B24229D4AE8600EEA541 /* SceneDelegate.swift in Sources */ = {isa = PBXBuildFile; fileRef = 18B8B24129D4AE8600EEA541 /* SceneDelegate.swift */; };
		18B8B24429D4AE8600EEA541 /* ViewController.swift in Sources */ = {isa = PBXBuildFile; fileRef = 18B8B24329D4AE8600EEA541 /* ViewController.swift */; };
		18B8B24729D4AE8600EEA541 /* Main.storyboard in Resources */ = {isa = PBXBuildFile; fileRef = 18B8B24529D4AE8600EEA541 /* Main.storyboard */; };
		18B8B24929D4AE8B00EEA541 /* Assets.xcassets in Resources */ = {isa = PBXBuildFile; fileRef = 18B8B24829D4AE8B00EEA541 /* Assets.xcassets */; };
		18B8B24C29D4AE8B00EEA541 /* LaunchScreen.storyboard in Resources */ = {isa = PBXBuildFile; fileRef = 18B8B24A29D4AE8B00EEA541 /* LaunchScreen.storyboard */; };
		18B8B27129D4B0D600EEA541 /* Authetication.swift in Sources */ = {isa = PBXBuildFile; fileRef = 18B8B27029D4B0D600EEA541 /* Authetication.swift */; };
		18B8B27329D4B1D800EEA541 /* Extension.swift in Sources */ = {isa = PBXBuildFile; fileRef = 18B8B27229D4B1D800EEA541 /* Extension.swift */; };
		18B8B27629D4C3B900EEA541 /* HomeViewController.swift in Sources */ = {isa = PBXBuildFile; fileRef = 18B8B27529D4C3B900EEA541 /* HomeViewController.swift */; };
		18B8B27829D4CD8F00EEA541 /* LoginViewController.swift in Sources */ = {isa = PBXBuildFile; fileRef = 18B8B27729D4CD8F00EEA541 /* LoginViewController.swift */; };
/* End PBXBuildFile section */

/* Begin PBXContainerItemProxy section */
		18B8B25329D4AE8B00EEA541 /* PBXContainerItemProxy */ = {
			isa = PBXContainerItemProxy;
			containerPortal = 18B8B23429D4AE8600EEA541 /* Project object */;
			proxyType = 1;
			remoteGlobalIDString = 18B8B23B29D4AE8600EEA541;
			remoteInfo = Authentiation;
		};
		18B8B25D29D4AE8B00EEA541 /* PBXContainerItemProxy */ = {
			isa = PBXContainerItemProxy;
			containerPortal = 18B8B23429D4AE8600EEA541 /* Project object */;
			proxyType = 1;
			remoteGlobalIDString = 18B8B23B29D4AE8600EEA541;
			remoteInfo = Authentiation;
		};
/* End PBXContainerItemProxy section */

/* Begin PBXFileReference section */
		18B8B23C29D4AE8600EEA541 /* Authentiation.app */ = {isa = PBXFileReference; explicitFileType = wrapper.application; includeInIndex = 0; path = Authentiation.app; sourceTree = BUILT_PRODUCTS_DIR; };
		18B8B23F29D4AE8600EEA541 /* AppDelegate.swift */ = {isa = PBXFileReference; lastKnownFileType = sourcecode.swift; path = AppDelegate.swift; sourceTree = "<group>"; };
		18B8B24129D4AE8600EEA541 /* SceneDelegate.swift */ = {isa = PBXFileReference; lastKnownFileType = sourcecode.swift; path = SceneDelegate.swift; sourceTree = "<group>"; };
		18B8B24329D4AE8600EEA541 /* ViewController.swift */ = {isa = PBXFileReference; lastKnownFileType = sourcecode.swift; path = ViewController.swift; sourceTree = "<group>"; };
		18B8B24629D4AE8600EEA541 /* Base */ = {isa = PBXFileReference; lastKnownFileType = file.storyboard; name = Base; path = Base.lproj/Main.storyboard; sourceTree = "<group>"; };
		18B8B24829D4AE8B00EEA541 /* Assets.xcassets */ = {isa = PBXFileReference; lastKnownFileType = folder.assetcatalog; path = Assets.xcassets; sourceTree = "<group>"; };
		18B8B24B29D4AE8B00EEA541 /* Base */ = {isa = PBXFileReference; lastKnownFileType = file.storyboard; name = Base; path = Base.lproj/LaunchScreen.storyboard; sourceTree = "<group>"; };
		18B8B24D29D4AE8B00EEA541 /* Info.plist */ = {isa = PBXFileReference; lastKnownFileType = text.plist.xml; path = Info.plist; sourceTree = "<group>"; };
		18B8B25229D4AE8B00EEA541 /* AuthentiationTests.xctest */ = {isa = PBXFileReference; explicitFileType = wrapper.cfbundle; includeInIndex = 0; path = AuthentiationTests.xctest; sourceTree = BUILT_PRODUCTS_DIR; };
		18B8B25C29D4AE8B00EEA541 /* AuthentiationUITests.xctest */ = {isa = PBXFileReference; explicitFileType = wrapper.cfbundle; includeInIndex = 0; path = AuthentiationUITests.xctest; sourceTree = BUILT_PRODUCTS_DIR; };
		18B8B27029D4B0D600EEA541 /* Authetication.swift */ = {isa = PBXFileReference; lastKnownFileType = sourcecode.swift; path = Authetication.swift; sourceTree = "<group>"; };
		18B8B27229D4B1D800EEA541 /* Extension.swift */ = {isa = PBXFileReference; lastKnownFileType = sourcecode.swift; path = Extension.swift; sourceTree = "<group>"; };
		18B8B27529D4C3B900EEA541 /* HomeViewController.swift */ = {isa = PBXFileReference; lastKnownFileType = sourcecode.swift; path = HomeViewController.swift; sourceTree = "<group>"; };
		18B8B27729D4CD8F00EEA541 /* LoginViewController.swift */ = {isa = PBXFileReference; lastKnownFileType = sourcecode.swift; path = LoginViewController.swift; sourceTree = "<group>"; };
/* End PBXFileReference section */

/* Begin PBXFrameworksBuildPhase section */
		18B8B23929D4AE8600EEA541 /* Frameworks */ = {
			isa = PBXFrameworksBuildPhase;
			buildActionMask = 2147483647;
			files = (
			);
			runOnlyForDeploymentPostprocessing = 0;
		};
		18B8B24F29D4AE8B00EEA541 /* Frameworks */ = {
			isa = PBXFrameworksBuildPhase;
			buildActionMask = 2147483647;
			files = (
			);
			runOnlyForDeploymentPostprocessing = 0;
		};
		18B8B25929D4AE8B00EEA541 /* Frameworks */ = {
			isa = PBXFrameworksBuildPhase;
			buildActionMask = 2147483647;
			files = (
			);
			runOnlyForDeploymentPostprocessing = 0;
		};
/* End PBXFrameworksBuildPhase section */

/* Begin PBXGroup section */
		18B8B23329D4AE8600EEA541 = {
			isa = PBXGroup;
			children = (
				18B8B23E29D4AE8600EEA541 /* Authentiation */,
				18B8B23D29D4AE8600EEA541 /* Products */,
			);
			sourceTree = "<group>";
		};
		18B8B23D29D4AE8600EEA541 /* Products */ = {
			isa = PBXGroup;
			children = (
				18B8B23C29D4AE8600EEA541 /* Authentiation.app */,
				18B8B25229D4AE8B00EEA541 /* AuthentiationTests.xctest */,
				18B8B25C29D4AE8B00EEA541 /* AuthentiationUITests.xctest */,
			);
			name = Products;
			sourceTree = "<group>";
		};
		18B8B23E29D4AE8600EEA541 /* Authentiation */ = {
			isa = PBXGroup;
			children = (
				18B8B26F29D4B0B000EEA541 /* Authentication */,
				18B8B23F29D4AE8600EEA541 /* AppDelegate.swift */,
				18B8B27429D4C38400EEA541 /* Controller */,
				18B8B24129D4AE8600EEA541 /* SceneDelegate.swift */,
				18B8B24329D4AE8600EEA541 /* ViewController.swift */,
				18B8B24529D4AE8600EEA541 /* Main.storyboard */,
				18B8B24829D4AE8B00EEA541 /* Assets.xcassets */,
				18B8B24A29D4AE8B00EEA541 /* LaunchScreen.storyboard */,
				18B8B24D29D4AE8B00EEA541 /* Info.plist */,
			);
			path = Authentiation;
			sourceTree = "<group>";
		};
		18B8B26F29D4B0B000EEA541 /* Authentication */ = {
			isa = PBXGroup;
			children = (
				18B8B27029D4B0D600EEA541 /* Authetication.swift */,
				18B8B27229D4B1D800EEA541 /* Extension.swift */,
			);
			path = Authentication;
			sourceTree = "<group>";
		};
		18B8B27429D4C38400EEA541 /* Controller */ = {
			isa = PBXGroup;
			children = (
				18B8B27529D4C3B900EEA541 /* HomeViewController.swift */,
				18B8B27729D4CD8F00EEA541 /* LoginViewController.swift */,
			);
			path = Controller;
			sourceTree = "<group>";
		};
/* End PBXGroup section */

/* Begin PBXNativeTarget section */
		18B8B23B29D4AE8600EEA541 /* Authentiation */ = {
			isa = PBXNativeTarget;
			buildConfigurationList = 18B8B26629D4AE8C00EEA541 /* Build configuration list for PBXNativeTarget "Authentiation" */;
			buildPhases = (
				18B8B23829D4AE8600EEA541 /* Sources */,
				18B8B23929D4AE8600EEA541 /* Frameworks */,
				18B8B23A29D4AE8600EEA541 /* Resources */,
			);
			buildRules = (
			);
			dependencies = (
			);
			name = Authentiation;
			productName = Authentiation;
			productReference = 18B8B23C29D4AE8600EEA541 /* Authentiation.app */;
			productType = "com.apple.product-type.application";
		};
		18B8B25129D4AE8B00EEA541 /* AuthentiationTests */ = {
			isa = PBXNativeTarget;
			buildConfigurationList = 18B8B26929D4AE8C00EEA541 /* Build configuration list for PBXNativeTarget "AuthentiationTests" */;
			buildPhases = (
				18B8B24E29D4AE8B00EEA541 /* Sources */,
				18B8B24F29D4AE8B00EEA541 /* Frameworks */,
				18B8B25029D4AE8B00EEA541 /* Resources */,
			);
			buildRules = (
			);
			dependencies = (
				18B8B25429D4AE8B00EEA541 /* PBXTargetDependency */,
			);
			name = AuthentiationTests;
			productName = AuthentiationTests;
			productReference = 18B8B25229D4AE8B00EEA541 /* AuthentiationTests.xctest */;
			productType = "com.apple.product-type.bundle.unit-test";
		};
		18B8B25B29D4AE8B00EEA541 /* AuthentiationUITests */ = {
			isa = PBXNativeTarget;
			buildConfigurationList = 18B8B26C29D4AE8C00EEA541 /* Build configuration list for PBXNativeTarget "AuthentiationUITests" */;
			buildPhases = (
				18B8B25829D4AE8B00EEA541 /* Sources */,
				18B8B25929D4AE8B00EEA541 /* Frameworks */,
				18B8B25A29D4AE8B00EEA541 /* Resources */,
			);
			buildRules = (
			);
			dependencies = (
				18B8B25E29D4AE8B00EEA541 /* PBXTargetDependency */,
			);
			name = AuthentiationUITests;
			productName = AuthentiationUITests;
			productReference = 18B8B25C29D4AE8B00EEA541 /* AuthentiationUITests.xctest */;
			productType = "com.apple.product-type.bundle.ui-testing";
		};
/* End PBXNativeTarget section */

/* Begin PBXProject section */
		18B8B23429D4AE8600EEA541 /* Project object */ = {
			isa = PBXProject;
			attributes = {
				BuildIndependentTargetsInParallel = 1;
				LastSwiftUpdateCheck = 1420;
				LastUpgradeCheck = 1420;
				TargetAttributes = {
					18B8B23B29D4AE8600EEA541 = {
						CreatedOnToolsVersion = 14.2;
					};
					18B8B25129D4AE8B00EEA541 = {
						CreatedOnToolsVersion = 14.2;
						TestTargetID = 18B8B23B29D4AE8600EEA541;
					};
					18B8B25B29D4AE8B00EEA541 = {
						CreatedOnToolsVersion = 14.2;
						TestTargetID = 18B8B23B29D4AE8600EEA541;
					};
				};
			};
			buildConfigurationList = 18B8B23729D4AE8600EEA541 /* Build configuration list for PBXProject "Authentiation" */;
			compatibilityVersion = "Xcode 14.0";
			developmentRegion = en;
			hasScannedForEncodings = 0;
			knownRegions = (
				en,
				Base,
			);
			mainGroup = 18B8B23329D4AE8600EEA541;
			productRefGroup = 18B8B23D29D4AE8600EEA541 /* Products */;
			projectDirPath = "";
			projectRoot = "";
			targets = (
				18B8B23B29D4AE8600EEA541 /* Authentiation */,
				18B8B25129D4AE8B00EEA541 /* AuthentiationTests */,
				18B8B25B29D4AE8B00EEA541 /* AuthentiationUITests */,
			);
		};
/* End PBXProject section */

/* Begin PBXResourcesBuildPhase section */
		18B8B23A29D4AE8600EEA541 /* Resources */ = {
			isa = PBXResourcesBuildPhase;
			buildActionMask = 2147483647;
			files = (
				18B8B24C29D4AE8B00EEA541 /* LaunchScreen.storyboard in Resources */,
				18B8B24929D4AE8B00EEA541 /* Assets.xcassets in Resources */,
				18B8B24729D4AE8600EEA541 /* Main.storyboard in Resources */,
			);
			runOnlyForDeploymentPostprocessing = 0;
		};
		18B8B25029D4AE8B00EEA541 /* Resources */ = {
			isa = PBXResourcesBuildPhase;
			buildActionMask = 2147483647;
			files = (
			);
			runOnlyForDeploymentPostprocessing = 0;
		};
		18B8B25A29D4AE8B00EEA541 /* Resources */ = {
			isa = PBXResourcesBuildPhase;
			buildActionMask = 2147483647;
			files = (
			);
			runOnlyForDeploymentPostprocessing = 0;
		};
/* End PBXResourcesBuildPhase section */

/* Begin PBXSourcesBuildPhase section */
		18B8B23829D4AE8600EEA541 /* Sources */ = {
			isa = PBXSourcesBuildPhase;
			buildActionMask = 2147483647;
			files = (
				18B8B27829D4CD8F00EEA541 /* LoginViewController.swift in Sources */,
				18B8B27329D4B1D800EEA541 /* Extension.swift in Sources */,
				18B8B27129D4B0D600EEA541 /* Authetication.swift in Sources */,
				18B8B24429D4AE8600EEA541 /* ViewController.swift in Sources */,
				18B8B24029D4AE8600EEA541 /* AppDelegate.swift in Sources */,
				18B8B24229D4AE8600EEA541 /* SceneDelegate.swift in Sources */,
				18B8B27629D4C3B900EEA541 /* HomeViewController.swift in Sources */,
			);
			runOnlyForDeploymentPostprocessing = 0;
		};
		18B8B24E29D4AE8B00EEA541 /* Sources */ = {
			isa = PBXSourcesBuildPhase;
			buildActionMask = 2147483647;
			files = (
			);
			runOnlyForDeploymentPostprocessing = 0;
		};
		18B8B25829D4AE8B00EEA541 /* Sources */ = {
			isa = PBXSourcesBuildPhase;
			buildActionMask = 2147483647;
			files = (
			);
			runOnlyForDeploymentPostprocessing = 0;
		};
/* End PBXSourcesBuildPhase section */

/* Begin PBXTargetDependency section */
		18B8B25429D4AE8B00EEA541 /* PBXTargetDependency */ = {
			isa = PBXTargetDependency;
			target = 18B8B23B29D4AE8600EEA541 /* Authentiation */;
			targetProxy = 18B8B25329D4AE8B00EEA541 /* PBXContainerItemProxy */;
		};
		18B8B25E29D4AE8B00EEA541 /* PBXTargetDependency */ = {
			isa = PBXTargetDependency;
			target = 18B8B23B29D4AE8600EEA541 /* Authentiation */;
			targetProxy = 18B8B25D29D4AE8B00EEA541 /* PBXContainerItemProxy */;
		};
/* End PBXTargetDependency section */

/* Begin PBXVariantGroup section */
		18B8B24529D4AE8600EEA541 /* Main.storyboard */ = {
			isa = PBXVariantGroup;
			children = (
				18B8B24629D4AE8600EEA541 /* Base */,
			);
			name = Main.storyboard;
			sourceTree = "<group>";
		};
		18B8B24A29D4AE8B00EEA541 /* LaunchScreen.storyboard */ = {
			isa = PBXVariantGroup;
			children = (
				18B8B24B29D4AE8B00EEA541 /* Base */,
			);
			name = LaunchScreen.storyboard;
			sourceTree = "<group>";
		};
/* End PBXVariantGroup section */

/* Begin XCBuildConfiguration section */
		18B8B26429D4AE8C00EEA541 /* Debug */ = {
			isa = XCBuildConfiguration;
			buildSettings = {
				ALWAYS_SEARCH_USER_PATHS = NO;
				CLANG_ANALYZER_NONNULL = YES;
				CLANG_ANALYZER_NUMBER_OBJECT_CONVERSION = YES_AGGRESSIVE;
				CLANG_CXX_LANGUAGE_STANDARD = "gnu++20";
				CLANG_ENABLE_MODULES = YES;
				CLANG_ENABLE_OBJC_ARC = YES;
				CLANG_ENABLE_OBJC_WEAK = YES;
				CLANG_WARN_BLOCK_CAPTURE_AUTORELEASING = YES;
				CLANG_WARN_BOOL_CONVERSION = YES;
				CLANG_WARN_COMMA = YES;
				CLANG_WARN_CONSTANT_CONVERSION = YES;
				CLANG_WARN_DEPRECATED_OBJC_IMPLEMENTATIONS = YES;
				CLANG_WARN_DIRECT_OBJC_ISA_USAGE = YES_ERROR;
				CLANG_WARN_DOCUMENTATION_COMMENTS = YES;
				CLANG_WARN_EMPTY_BODY = YES;
				CLANG_WARN_ENUM_CONVERSION = YES;
				CLANG_WARN_INFINITE_RECURSION = YES;
				CLANG_WARN_INT_CONVERSION = YES;
				CLANG_WARN_NON_LITERAL_NULL_CONVERSION = YES;
				CLANG_WARN_OBJC_IMPLICIT_RETAIN_SELF = YES;
				CLANG_WARN_OBJC_LITERAL_CONVERSION = YES;
				CLANG_WARN_OBJC_ROOT_CLASS = YES_ERROR;
				CLANG_WARN_QUOTED_INCLUDE_IN_FRAMEWORK_HEADER = YES;
				CLANG_WARN_RANGE_LOOP_ANALYSIS = YES;
				CLANG_WARN_STRICT_PROTOTYPES = YES;
				CLANG_WARN_SUSPICIOUS_MOVE = YES;
				CLANG_WARN_UNGUARDED_AVAILABILITY = YES_AGGRESSIVE;
				CLANG_WARN_UNREACHABLE_CODE = YES;
				CLANG_WARN__DUPLICATE_METHOD_MATCH = YES;
				COPY_PHASE_STRIP = NO;
				DEBUG_INFORMATION_FORMAT = dwarf;
				ENABLE_STRICT_OBJC_MSGSEND = YES;
				ENABLE_TESTABILITY = YES;
				GCC_C_LANGUAGE_STANDARD = gnu11;
				GCC_DYNAMIC_NO_PIC = NO;
				GCC_NO_COMMON_BLOCKS = YES;
				GCC_OPTIMIZATION_LEVEL = 0;
				GCC_PREPROCESSOR_DEFINITIONS = (
					"DEBUG=1",
					"$(inherited)",
				);
				GCC_WARN_64_TO_32_BIT_CONVERSION = YES;
				GCC_WARN_ABOUT_RETURN_TYPE = YES_ERROR;
				GCC_WARN_UNDECLARED_SELECTOR = YES;
				GCC_WARN_UNINITIALIZED_AUTOS = YES_AGGRESSIVE;
				GCC_WARN_UNUSED_FUNCTION = YES;
				GCC_WARN_UNUSED_VARIABLE = YES;
				IPHONEOS_DEPLOYMENT_TARGET = 16.2;
				MTL_ENABLE_DEBUG_INFO = INCLUDE_SOURCE;
				MTL_FAST_MATH = YES;
				ONLY_ACTIVE_ARCH = YES;
				SDKROOT = iphoneos;
				SWIFT_ACTIVE_COMPILATION_CONDITIONS = DEBUG;
				SWIFT_OPTIMIZATION_LEVEL = "-Onone";
			};
			name = Debug;
		};
		18B8B26529D4AE8C00EEA541 /* Release */ = {
			isa = XCBuildConfiguration;
			buildSettings = {
				ALWAYS_SEARCH_USER_PATHS = NO;
				CLANG_ANALYZER_NONNULL = YES;
				CLANG_ANALYZER_NUMBER_OBJECT_CONVERSION = YES_AGGRESSIVE;
				CLANG_CXX_LANGUAGE_STANDARD = "gnu++20";
				CLANG_ENABLE_MODULES = YES;
				CLANG_ENABLE_OBJC_ARC = YES;
				CLANG_ENABLE_OBJC_WEAK = YES;
				CLANG_WARN_BLOCK_CAPTURE_AUTORELEASING = YES;
				CLANG_WARN_BOOL_CONVERSION = YES;
				CLANG_WARN_COMMA = YES;
				CLANG_WARN_CONSTANT_CONVERSION = YES;
				CLANG_WARN_DEPRECATED_OBJC_IMPLEMENTATIONS = YES;
				CLANG_WARN_DIRECT_OBJC_ISA_USAGE = YES_ERROR;
				CLANG_WARN_DOCUMENTATION_COMMENTS = YES;
				CLANG_WARN_EMPTY_BODY = YES;
				CLANG_WARN_ENUM_CONVERSION = YES;
				CLANG_WARN_INFINITE_RECURSION = YES;
				CLANG_WARN_INT_CONVERSION = YES;
				CLANG_WARN_NON_LITERAL_NULL_CONVERSION = YES;
				CLANG_WARN_OBJC_IMPLICIT_RETAIN_SELF = YES;
				CLANG_WARN_OBJC_LITERAL_CONVERSION = YES;
				CLANG_WARN_OBJC_ROOT_CLASS = YES_ERROR;
				CLANG_WARN_QUOTED_INCLUDE_IN_FRAMEWORK_HEADER = YES;
				CLANG_WARN_RANGE_LOOP_ANALYSIS = YES;
				CLANG_WARN_STRICT_PROTOTYPES = YES;
				CLANG_WARN_SUSPICIOUS_MOVE = YES;
				CLANG_WARN_UNGUARDED_AVAILABILITY = YES_AGGRESSIVE;
				CLANG_WARN_UNREACHABLE_CODE = YES;
				CLANG_WARN__DUPLICATE_METHOD_MATCH = YES;
				COPY_PHASE_STRIP = NO;
				DEBUG_INFORMATION_FORMAT = "dwarf-with-dsym";
				ENABLE_NS_ASSERTIONS = NO;
				ENABLE_STRICT_OBJC_MSGSEND = YES;
				GCC_C_LANGUAGE_STANDARD = gnu11;
				GCC_NO_COMMON_BLOCKS = YES;
				GCC_WARN_64_TO_32_BIT_CONVERSION = YES;
				GCC_WARN_ABOUT_RETURN_TYPE = YES_ERROR;
				GCC_WARN_UNDECLARED_SELECTOR = YES;
				GCC_WARN_UNINITIALIZED_AUTOS = YES_AGGRESSIVE;
				GCC_WARN_UNUSED_FUNCTION = YES;
				GCC_WARN_UNUSED_VARIABLE = YES;
				IPHONEOS_DEPLOYMENT_TARGET = 16.2;
				MTL_ENABLE_DEBUG_INFO = NO;
				MTL_FAST_MATH = YES;
				SDKROOT = iphoneos;
				SWIFT_COMPILATION_MODE = wholemodule;
				SWIFT_OPTIMIZATION_LEVEL = "-O";
				VALIDATE_PRODUCT = YES;
			};
			name = Release;
		};
		18B8B26729D4AE8C00EEA541 /* Debug */ = {
			isa = XCBuildConfiguration;
			buildSettings = {
				ASSETCATALOG_COMPILER_APPICON_NAME = AppIcon;
				ASSETCATALOG_COMPILER_GLOBAL_ACCENT_COLOR_NAME = AccentColor;
				CODE_SIGN_STYLE = Automatic;
				CURRENT_PROJECT_VERSION = 1;
				GENERATE_INFOPLIST_FILE = YES;
				INFOPLIST_FILE = Authentiation/Info.plist;
				INFOPLIST_KEY_NSFaceIDUsageDescription = "Allow Applacation to Acess your Camera";
				INFOPLIST_KEY_UIApplicationSupportsIndirectInputEvents = YES;
				INFOPLIST_KEY_UILaunchStoryboardName = LaunchScreen;
				INFOPLIST_KEY_UIMainStoryboardFile = Main;
				INFOPLIST_KEY_UISupportedInterfaceOrientations_iPad = "UIInterfaceOrientationPortrait UIInterfaceOrientationPortraitUpsideDown UIInterfaceOrientationLandscapeLeft UIInterfaceOrientationLandscapeRight";
				INFOPLIST_KEY_UISupportedInterfaceOrientations_iPhone = "UIInterfaceOrientationPortrait UIInterfaceOrientationLandscapeLeft UIInterfaceOrientationLandscapeRight";
				LD_RUNPATH_SEARCH_PATHS = (
					"$(inherited)",
					"@executable_path/Frameworks",
				);
				MARKETING_VERSION = 1.0;
				PRODUCT_BUNDLE_IDENTIFIER = com.bigjermaine.Authentiation;
				PRODUCT_NAME = "$(TARGET_NAME)";
				SWIFT_EMIT_LOC_STRINGS = YES;
				SWIFT_VERSION = 5.0;
				TARGETED_DEVICE_FAMILY = "1,2";
			};
			name = Debug;
		};
		18B8B26829D4AE8C00EEA541 /* Release */ = {
			isa = XCBuildConfiguration;
			buildSettings = {
				ASSETCATALOG_COMPILER_APPICON_NAME = AppIcon;
				ASSETCATALOG_COMPILER_GLOBAL_ACCENT_COLOR_NAME = AccentColor;
				CODE_SIGN_STYLE = Automatic;
				CURRENT_PROJECT_VERSION = 1;
				GENERATE_INFOPLIST_FILE = YES;
				INFOPLIST_FILE = Authentiation/Info.plist;
				INFOPLIST_KEY_NSFaceIDUsageDescription = "Allow Applacation to Acess your Camera";
				INFOPLIST_KEY_UIApplicationSupportsIndirectInputEvents = YES;
				INFOPLIST_KEY_UILaunchStoryboardName = LaunchScreen;
				INFOPLIST_KEY_UIMainStoryboardFile = Main;
				INFOPLIST_KEY_UISupportedInterfaceOrientations_iPad = "UIInterfaceOrientationPortrait UIInterfaceOrientationPortraitUpsideDown UIInterfaceOrientationLandscapeLeft UIInterfaceOrientationLandscapeRight";
				INFOPLIST_KEY_UISupportedInterfaceOrientations_iPhone = "UIInterfaceOrientationPortrait UIInterfaceOrientationLandscapeLeft UIInterfaceOrientationLandscapeRight";
				LD_RUNPATH_SEARCH_PATHS = (
					"$(inherited)",
					"@executable_path/Frameworks",
				);
				MARKETING_VERSION = 1.0;
				PRODUCT_BUNDLE_IDENTIFIER = com.bigjermaine.Authentiation;
				PRODUCT_NAME = "$(TARGET_NAME)";
				SWIFT_EMIT_LOC_STRINGS = YES;
				SWIFT_VERSION = 5.0;
				TARGETED_DEVICE_FAMILY = "1,2";
			};
			name = Release;
		};
		18B8B26A29D4AE8C00EEA541 /* Debug */ = {
			isa = XCBuildConfiguration;
			buildSettings = {
				ALWAYS_EMBED_SWIFT_STANDARD_LIBRARIES = YES;
				BUNDLE_LOADER = "$(TEST_HOST)";
				CODE_SIGN_STYLE = Automatic;
				CURRENT_PROJECT_VERSION = 1;
				GENERATE_INFOPLIST_FILE = YES;
				IPHONEOS_DEPLOYMENT_TARGET = 16.2;
				MARKETING_VERSION = 1.0;
				PRODUCT_BUNDLE_IDENTIFIER = com.bigjermaine.AuthentiationTests;
				PRODUCT_NAME = "$(TARGET_NAME)";
				SWIFT_EMIT_LOC_STRINGS = NO;
				SWIFT_VERSION = 5.0;
				TARGETED_DEVICE_FAMILY = "1,2";
				TEST_HOST = "$(BUILT_PRODUCTS_DIR)/Authentiation.app/$(BUNDLE_EXECUTABLE_FOLDER_PATH)/Authentiation";
			};
			name = Debug;
		};
		18B8B26B29D4AE8C00EEA541 /* Release */ = {
			isa = XCBuildConfiguration;
			buildSettings = {
				ALWAYS_EMBED_SWIFT_STANDARD_LIBRARIES = YES;
				BUNDLE_LOADER = "$(TEST_HOST)";
				CODE_SIGN_STYLE = Automatic;
				CURRENT_PROJECT_VERSION = 1;
				GENERATE_INFOPLIST_FILE = YES;
				IPHONEOS_DEPLOYMENT_TARGET = 16.2;
				MARKETING_VERSION = 1.0;
				PRODUCT_BUNDLE_IDENTIFIER = com.bigjermaine.AuthentiationTests;
				PRODUCT_NAME = "$(TARGET_NAME)";
				SWIFT_EMIT_LOC_STRINGS = NO;
				SWIFT_VERSION = 5.0;
				TARGETED_DEVICE_FAMILY = "1,2";
				TEST_HOST = "$(BUILT_PRODUCTS_DIR)/Authentiation.app/$(BUNDLE_EXECUTABLE_FOLDER_PATH)/Authentiation";
			};
			name = Release;
		};
		18B8B26D29D4AE8C00EEA541 /* Debug */ = {
			isa = XCBuildConfiguration;
			buildSettings = {
				ALWAYS_EMBED_SWIFT_STANDARD_LIBRARIES = YES;
				CODE_SIGN_STYLE = Automatic;
				CURRENT_PROJECT_VERSION = 1;
				GENERATE_INFOPLIST_FILE = YES;
				MARKETING_VERSION = 1.0;
				PRODUCT_BUNDLE_IDENTIFIER = com.bigjermaine.AuthentiationUITests;
				PRODUCT_NAME = "$(TARGET_NAME)";
				SWIFT_EMIT_LOC_STRINGS = NO;
				SWIFT_VERSION = 5.0;
				TARGETED_DEVICE_FAMILY = "1,2";
				TEST_TARGET_NAME = Authentiation;
			};
			name = Debug;
		};
		18B8B26E29D4AE8C00EEA541 /* Release */ = {
			isa = XCBuildConfiguration;
			buildSettings = {
				ALWAYS_EMBED_SWIFT_STANDARD_LIBRARIES = YES;
				CODE_SIGN_STYLE = Automatic;
				CURRENT_PROJECT_VERSION = 1;
				GENERATE_INFOPLIST_FILE = YES;
				MARKETING_VERSION = 1.0;
				PRODUCT_BUNDLE_IDENTIFIER = com.bigjermaine.AuthentiationUITests;
				PRODUCT_NAME = "$(TARGET_NAME)";
				SWIFT_EMIT_LOC_STRINGS = NO;
				SWIFT_VERSION = 5.0;
				TARGETED_DEVICE_FAMILY = "1,2";
				TEST_TARGET_NAME = Authentiation;
			};
			name = Release;
		};
/* End XCBuildConfiguration section */

/* Begin XCConfigurationList section */
		18B8B23729D4AE8600EEA541 /* Build configuration list for PBXProject "Authentiation" */ = {
			isa = XCConfigurationList;
			buildConfigurations = (
				18B8B26429D4AE8C00EEA541 /* Debug */,
				18B8B26529D4AE8C00EEA541 /* Release */,
			);
			defaultConfigurationIsVisible = 0;
			defaultConfigurationName = Release;
		};
		18B8B26629D4AE8C00EEA541 /* Build configuration list for PBXNativeTarget "Authentiation" */ = {
			isa = XCConfigurationList;
			buildConfigurations = (
				18B8B26729D4AE8C00EEA541 /* Debug */,
				18B8B26829D4AE8C00EEA541 /* Release */,
			);
			defaultConfigurationIsVisible = 0;
			defaultConfigurationName = Release;
		};
		18B8B26929D4AE8C00EEA541 /* Build configuration list for PBXNativeTarget "AuthentiationTests" */ = {
			isa = XCConfigurationList;
			buildConfigurations = (
				18B8B26A29D4AE8C00EEA541 /* Debug */,
				18B8B26B29D4AE8C00EEA541 /* Release */,
			);
			defaultConfigurationIsVisible = 0;
			defaultConfigurationName = Release;
		};
		18B8B26C29D4AE8C00EEA541 /* Build configuration list for PBXNativeTarget "AuthentiationUITests" */ = {
			isa = XCConfigurationList;
			buildConfigurations = (
				18B8B26D29D4AE8C00EEA541 /* Debug */,
				18B8B26E29D4AE8C00EEA541 /* Release */,
			);
			defaultConfigurationIsVisible = 0;
			defaultConfigurationName = Release;
		};
/* End XCConfigurationList section */
	};
	rootObject = 18B8B23429D4AE8600EEA541 /* Project object */;
}
